
Microsoft Visual Studio Solution File, Format Version 12.00
# Visual Studio Version 17
VisualStudioVersion = 17.3.32901.215
MinimumVisualStudioVersion = 10.0.40219.1
Project("{9A19103F-16F7-4668-BE54-9A1E7A4F7556}") = "DollarStoreAmazon", "DollarStoreAmazon.csproj", "{556136A3-5D55-4EDE-90B0-6260A5077014}"
EndProject
Project("{9A19103F-16F7-4668-BE54-9A1E7A4F7556}") = "DollarStoreAmazon_Temp", "..\DollarStoreAmazon_Temp\DollarStoreAmazon_Temp.csproj", "{D1BE3719-3CDC-41D1-BF28-5795CC3966DF}"
EndProject
Global
	GlobalSection(SolutionConfigurationPlatforms) = preSolution
		Debug|Any CPU = Debug|Any CPU
		Release|Any CPU = Release|Any CPU
	EndGlobalSection
	GlobalSection(ProjectConfigurationPlatforms) = postSolution
		{556136A3-5D55-4EDE-90B0-6260A5077014}.Debug|Any CPU.ActiveCfg = Debug|Any CPU
		{556136A3-5D55-4EDE-90B0-6260A5077014}.Debug|Any CPU.Build.0 = Debug|Any CPU
		{556136A3-5D55-4EDE-90B0-6260A5077014}.Release|Any CPU.ActiveCfg = Release|Any CPU
		{556136A3-5D55-4EDE-90B0-6260A5077014}.Release|Any CPU.Build.0 = Release|Any CPU
		{D1BE3719-3CDC-41D1-BF28-5795CC3966DF}.Debug|Any CPU.ActiveCfg = Debug|Any CPU
		{D1BE3719-3CDC-41D1-BF28-5795CC3966DF}.Debug|Any CPU.Build.0 = Debug|Any CPU
		{D1BE3719-3CDC-41D1-BF28-5795CC3966DF}.Release|Any CPU.ActiveCfg = Release|Any CPU
		{D1BE3719-3CDC-41D1-BF28-5795CC3966DF}.Release|Any CPU.Build.0 = Release|Any CPU
	EndGlobalSection
	GlobalSection(SolutionProperties) = preSolution
		HideSolutionNode = FALSE
	EndGlobalSection
	GlobalSection(ExtensibilityGlobals) = postSolution
		SolutionGuid = {6A855AE2-0AFF-426E-AA75-E853972B9F93}
	EndGlobalSection
EndGlobal
